<?xml version="1.0" encoding="utf-8"?>
<Project ToolsVersion="4.0" xmlns="http://schemas.microsoft.com/developer/msbuild/2003">
  <ItemGroup>
    <Filter Include="Source Files">
      <UniqueIdentifier>{4FC737F1-C7A5-4376-A066-2A32D752A2FF}</UniqueIdentifier>
      <Extensions>cpp;c;cc;cxx;c++;cppm;ixx;def;odl;idl;hpj;bat;asm;asmx</Extensions>
    </Filter>
    <Filter Include="Header Files">
      <UniqueIdentifier>{93995380-89BD-4b04-88EB-625FBE52EBFB}</UniqueIdentifier>
      <Extensions>h;hh;hpp;hxx;h++;hm;inl;inc;ipp;xsd</Extensions>
    </Filter>
    <Filter Include="Resource Files">
      <UniqueIdentifier>{67DA6AB6-F800-4c08-8B7A-83BB121AAD01}</UniqueIdentifier>
      <Extensions>rc;ico;cur;bmp;dlg;rc2;rct;bin;rgs;gif;jpg;jpeg;jpe;resx;tiff;tif;png;wav;mfcribbon-ms</Extensions>
    </Filter>
    <Filter Include="Source Files\pdcurses">
      <UniqueIdentifier>{5d3e8c7d-f55a-41c3-a44f-33e70ba0b138}</UniqueIdentifier>
    </Filter>
  </ItemGroup>
  <ItemGroup>
    <ClCompile Include="cmatrix.c">
      <Filter>Source Files</Filter>
    </ClCompile>
    <ClCompile Include="pdcurses\pdcurses\kernel.c">
      <Filter>Source Files\pdcurses</Filter>
    </ClCompile>
    <ClCompile Include="pdcurses\pdcurses\keyname.c">
      <Filter>Source Files\pdcurses</Filter>
    </ClCompile>
    <ClCompile Include="pdcurses\pdcurses\mouse.c">
      <Filter>Source Files\pdcurses</Filter>
    </ClCompile>
    <ClCompile Include="pdcurses\pdcurses\move.c">
      <Filter>Source Files\pdcurses</Filter>
    </ClCompile>
    <ClCompile Include="pdcurses\pdcurses\outopts.c">
      <Filter>Source Files\pdcurses</Filter>
    </ClCompile>
    <ClCompile Include="pdcurses\pdcurses\overlay.c">
      <Filter>Source Files\pdcurses</Filter>
    </ClCompile>
    <ClCompile Include="pdcurses\pdcurses\pad.c">
      <Filter>Source Files\pdcurses</Filter>
    </ClCompile>
    <ClCompile Include="pdcurses\pdcurses\panel.c">
      <Filter>Source Files\pdcurses</Filter>
    </ClCompile>
    <ClCompile Include="pdcurses\pdcurses\printw.c">
      <Filter>Source Files\pdcurses</Filter>
    </ClCompile>
    <ClCompile Include="pdcurses\pdcurses\refresh.c">
      <Filter>Source Files\pdcurses</Filter>
    </ClCompile>
    <ClCompile Include="pdcurses\pdcurses\scanw.c">
      <Filter>Source Files\pdcurses</Filter>
    </ClCompile>
    <ClCompile Include="pdcurses\pdcurses\scr_dump.c">
      <Filter>Source Files\pdcurses</Filter>
    </ClCompile>
    <ClCompile Include="pdcurses\pdcurses\scroll.c">
      <Filter>Source Files\pdcurses</Filter>
    </ClCompile>
    <ClCompile Include="pdcurses\pdcurses\slk.c">
      <Filter>Source Files\pdcurses</Filter>
    </ClCompile>
    <ClCompile Include="pdcurses\pdcurses\termattr.c">
      <Filter>Source Files\pdcurses</Filter>
    </ClCompile>
    <ClCompile Include="pdcurses\pdcurses\touch.c">
      <Filter>Source Files\pdcurses</Filter>
    </ClCompile>
    <ClCompile Include="pdcurses\pdcurses\util.c">
      <Filter>Source Files\pdcurses</Filter>
    </ClCompile>
    <ClCompile Include="pdcurses\pdcurses\window.c">
      <Filter>Source Files\pdcurses</Filter>
    </ClCompile>
    <ClCompile Include="pdcurses\pdcurses\addch.c">
      <Filter>Source Files\pdcurses</Filter>
    </ClCompile>
    <ClCompile Include="pdcurses\pdcurses\addchstr.c">
      <Filter>Source Files\pdcurses</Filter>
    </ClCompile>
    <ClCompile Include="pdcurses\pdcurses\addstr.c">
      <Filter>Source Files\pdcurses</Filter>
    </ClCompile>
    <ClCompile Include="pdcurses\pdcurses\attr.c">
      <Filter>Source Files\pdcurses</Filter>
    </ClCompile>
    <ClCompile Include="pdcurses\pdcurses\beep.c">
      <Filter>Source Files\pdcurses</Filter>
    </ClCompile>
    <ClCompile Include="pdcurses\pdcurses\bkgd.c">
      <Filter>Source Files\pdcurses</Filter>
    </ClCompile>
    <ClCompile Include="pdcurses\pdcurses\border.c">
      <Filter>Source Files\pdcurses</Filter>
    </ClCompile>
    <ClCompile Include="pdcurses\pdcurses\clear.c">
      <Filter>Source Files\pdcurses</Filter>
    </ClCompile>
    <ClCompile Include="pdcurses\pdcurses\color.c">
      <Filter>Source Files\pdcurses</Filter>
    </ClCompile>
    <ClCompile Include="pdcurses\pdcurses\debug.c">
      <Filter>Source Files\pdcurses</Filter>
    </ClCompile>
    <ClCompile Include="pdcurses\pdcurses\delch.c">
      <Filter>Source Files\pdcurses</Filter>
    </ClCompile>
    <ClCompile Include="pdcurses\pdcurses\deleteln.c">
      <Filter>Source Files\pdcurses</Filter>
    </ClCompile>
    <ClCompile Include="pdcurses\pdcurses\getch.c">
      <Filter>Source Files\pdcurses</Filter>
    </ClCompile>
    <ClCompile Include="pdcurses\pdcurses\getstr.c">
      <Filter>Source Files\pdcurses</Filter>
    </ClCompile>
    <ClCompile Include="pdcurses\pdcurses\getyx.c">
      <Filter>Source Files\pdcurses</Filter>
    </ClCompile>
    <ClCompile Include="pdcurses\pdcurses\inch.c">
      <Filter>Source Files\pdcurses</Filter>
    </ClCompile>
    <ClCompile Include="pdcurses\pdcurses\inchstr.c">
      <Filter>Source Files\pdcurses</Filter>
    </ClCompile>
    <ClCompile Include="pdcurses\pdcurses\initscr.c">
      <Filter>Source Files\pdcurses</Filter>
    </ClCompile>
    <ClCompile Include="pdcurses\pdcurses\inopts.c">
      <Filter>Source Files\pdcurses</Filter>
    </ClCompile>
    <ClCompile Include="pdcurses\pdcurses\insch.c">
      <Filter>Source Files\pdcurses</Filter>
    </ClCompile>
    <ClCompile Include="pdcurses\pdcurses\insstr.c">
      <Filter>Source Files\pdcurses</Filter>
    </ClCompile>
    <ClCompile Include="pdcurses\pdcurses\instr.c">
      <Filter>Source Files\pdcurses</Filter>
    </ClCompile>
    <ClCompile Include="pdcurses\wincon\pdcclip.c">
      <Filter>Source Files\pdcurses</Filter>
    </ClCompile>
    <ClCompile Include="pdcurses\wincon\pdcdisp.c">
      <Filter>Source Files\pdcurses</Filter>
    </ClCompile>
    <ClCompile Include="pdcurses\wincon\pdcgetsc.c">
      <Filter>Source Files\pdcurses</Filter>
    </ClCompile>
    <ClCompile Include="pdcurses\wincon\pdckbd.c">
      <Filter>Source Files\pdcurses</Filter>
    </ClCompile>
    <ClCompile Include="pdcurses\wincon\pdcscrn.c">
      <Filter>Source Files\pdcurses</Filter>
    </ClCompile>
    <ClCompile Include="pdcurses\wincon\pdcsetsc.c">
      <Filter>Source Files\pdcurses</Filter>
    </ClCompile>
    <ClCompile Include="pdcurses\wincon\pdcutil.c">
      <Filter>Source Files\pdcurses</Filter>
    </ClCompile>
    <ClCompile Include="getopt.c">
      <Filter>Source Files</Filter>
    </ClCompile>
  </ItemGroup>
  <ItemGroup>
    <ClInclude Include="getopt.h">
      <Filter>Source Files</Filter>
    </ClInclude>
  </ItemGroup>
</Project>